// !$*UTF8*$!
{
	archiveVersion = 1;
	classes = {
	};
	objectVersion = 46;
	objects = {

/* Begin PBXBuildFile section */
		3D4C28EBFFBA4E1C17149E1B /* libPods-TinderMechanic.a in Frameworks */ = {isa = PBXBuildFile; fileRef = B2766B51D3D7CAC755BC8888 /* libPods-TinderMechanic.a */; };
		9610FE1D1B136A7700D6CA61 /* AppDelegate.swift in Sources */ = {isa = PBXBuildFile; fileRef = 9610FE1C1B136A7700D6CA61 /* AppDelegate.swift */; };
		9610FE1F1B136A7700D6CA61 /* ViewController.swift in Sources */ = {isa = PBXBuildFile; fileRef = 9610FE1E1B136A7700D6CA61 /* ViewController.swift */; };
		9610FE221B136A7700D6CA61 /* Main.storyboard in Resources */ = {isa = PBXBuildFile; fileRef = 9610FE201B136A7700D6CA61 /* Main.storyboard */; };
		9610FE241B136A7700D6CA61 /* Images.xcassets in Resources */ = {isa = PBXBuildFile; fileRef = 9610FE231B136A7700D6CA61 /* Images.xcassets */; };
		9610FE271B136A7700D6CA61 /* LaunchScreen.xib in Resources */ = {isa = PBXBuildFile; fileRef = 9610FE251B136A7700D6CA61 /* LaunchScreen.xib */; };
		9610FE331B136A7700D6CA61 /* TinderMechanicTests.swift in Sources */ = {isa = PBXBuildFile; fileRef = 9610FE321B136A7700D6CA61 /* TinderMechanicTests.swift */; };
/* End PBXBuildFile section */

/* Begin PBXContainerItemProxy section */
		9610FE2D1B136A7700D6CA61 /* PBXContainerItemProxy */ = {
			isa = PBXContainerItemProxy;
			containerPortal = 9610FE0F1B136A7700D6CA61 /* Project object */;
			proxyType = 1;
			remoteGlobalIDString = 9610FE161B136A7700D6CA61;
			remoteInfo = TinderMechanic;
		};
/* End PBXContainerItemProxy section */

/* Begin PBXFileReference section */
		9610FE171B136A7700D6CA61 /* TinderMechanic.app */ = {isa = PBXFileReference; explicitFileType = wrapper.application; includeInIndex = 0; path = TinderMechanic.app; sourceTree = BUILT_PRODUCTS_DIR; };
		9610FE1B1B136A7700D6CA61 /* Info.plist */ = {isa = PBXFileReference; lastKnownFileType = text.plist.xml; path = Info.plist; sourceTree = "<group>"; };
		9610FE1C1B136A7700D6CA61 /* AppDelegate.swift */ = {isa = PBXFileReference; lastKnownFileType = sourcecode.swift; path = AppDelegate.swift; sourceTree = "<group>"; };
		9610FE1E1B136A7700D6CA61 /* ViewController.swift */ = {isa = PBXFileReference; lastKnownFileType = sourcecode.swift; path = ViewController.swift; sourceTree = "<group>"; };
		9610FE211B136A7700D6CA61 /* Base */ = {isa = PBXFileReference; lastKnownFileType = file.storyboard; name = Base; path = Base.lproj/Main.storyboard; sourceTree = "<group>"; };
		9610FE231B136A7700D6CA61 /* Images.xcassets */ = {isa = PBXFileReference; lastKnownFileType = folder.assetcatalog; path = Images.xcassets; sourceTree = "<group>"; };
		9610FE261B136A7700D6CA61 /* Base */ = {isa = PBXFileReference; lastKnownFileType = file.xib; name = Base; path = Base.lproj/LaunchScreen.xib; sourceTree = "<group>"; };
		9610FE2C1B136A7700D6CA61 /* TinderMechanicTests.xctest */ = {isa = PBXFileReference; explicitFileType = wrapper.cfbundle; includeInIndex = 0; path = TinderMechanicTests.xctest; sourceTree = BUILT_PRODUCTS_DIR; };
		9610FE311B136A7700D6CA61 /* Info.plist */ = {isa = PBXFileReference; lastKnownFileType = text.plist.xml; path = Info.plist; sourceTree = "<group>"; };
		9610FE321B136A7700D6CA61 /* TinderMechanicTests.swift */ = {isa = PBXFileReference; lastKnownFileType = sourcecode.swift; path = TinderMechanicTests.swift; sourceTree = "<group>"; };
		96EE4E951B16197A0085084F /* Bridging-Header.h */ = {isa = PBXFileReference; lastKnownFileType = sourcecode.c.h; path = "Bridging-Header.h"; sourceTree = "<group>"; };
		B2766B51D3D7CAC755BC8888 /* libPods-TinderMechanic.a */ = {isa = PBXFileReference; explicitFileType = archive.ar; includeInIndex = 0; path = "libPods-TinderMechanic.a"; sourceTree = BUILT_PRODUCTS_DIR; };
		CBC49F8561A052CB8C8B00EA /* Pods-TinderMechanic.release.xcconfig */ = {isa = PBXFileReference; includeInIndex = 1; lastKnownFileType = text.xcconfig; name = "Pods-TinderMechanic.release.xcconfig"; path = "Pods/Target Support Files/Pods-TinderMechanic/Pods-TinderMechanic.release.xcconfig"; sourceTree = "<group>"; };
		EAB6DFDDB990F56167C09D7A /* Pods-TinderMechanic.debug.xcconfig */ = {isa = PBXFileReference; includeInIndex = 1; lastKnownFileType = text.xcconfig; name = "Pods-TinderMechanic.debug.xcconfig"; path = "Pods/Target Support Files/Pods-TinderMechanic/Pods-TinderMechanic.debug.xcconfig"; sourceTree = "<group>"; };
/* End PBXFileReference section */

/* Begin PBXFrameworksBuildPhase section */
		9610FE141B136A7700D6CA61 /* Frameworks */ = {
			isa = PBXFrameworksBuildPhase;
			buildActionMask = 2147483647;
			files = (
				3D4C28EBFFBA4E1C17149E1B /* libPods-TinderMechanic.a in Frameworks */,
			);
			runOnlyForDeploymentPostprocessing = 0;
		};
		9610FE291B136A7700D6CA61 /* Frameworks */ = {
			isa = PBXFrameworksBuildPhase;
			buildActionMask = 2147483647;
			files = (
			);
			runOnlyForDeploymentPostprocessing = 0;
		};
/* End PBXFrameworksBuildPhase section */

/* Begin PBXGroup section */
		0AD446A17D62F3F7EEEE22AD /* Pods */ = {
			isa = PBXGroup;
			children = (
				EAB6DFDDB990F56167C09D7A /* Pods-TinderMechanic.debug.xcconfig */,
				CBC49F8561A052CB8C8B00EA /* Pods-TinderMechanic.release.xcconfig */,
			);
			name = Pods;
			sourceTree = "<group>";
		};
		9610FE0E1B136A7700D6CA61 = {
			isa = PBXGroup;
			children = (
				9610FE191B136A7700D6CA61 /* TinderMechanic */,
				9610FE2F1B136A7700D6CA61 /* TinderMechanicTests */,
				9610FE181B136A7700D6CA61 /* Products */,
				0AD446A17D62F3F7EEEE22AD /* Pods */,
				D6BB004FE76F60869C8BA643 /* Frameworks */,
			);
			sourceTree = "<group>";
		};
		9610FE181B136A7700D6CA61 /* Products */ = {
			isa = PBXGroup;
			children = (
				9610FE171B136A7700D6CA61 /* TinderMechanic.app */,
				9610FE2C1B136A7700D6CA61 /* TinderMechanicTests.xctest */,
			);
			name = Products;
			sourceTree = "<group>";
		};
		9610FE191B136A7700D6CA61 /* TinderMechanic */ = {
			isa = PBXGroup;
			children = (
				9610FE1C1B136A7700D6CA61 /* AppDelegate.swift */,
				9610FE1E1B136A7700D6CA61 /* ViewController.swift */,
				96EE4E951B16197A0085084F /* Bridging-Header.h */,
				9610FE201B136A7700D6CA61 /* Main.storyboard */,
				9610FE231B136A7700D6CA61 /* Images.xcassets */,
				9610FE251B136A7700D6CA61 /* LaunchScreen.xib */,
				9610FE1A1B136A7700D6CA61 /* Supporting Files */,
			);
			path = TinderMechanic;
			sourceTree = "<group>";
		};
		9610FE1A1B136A7700D6CA61 /* Supporting Files */ = {
			isa = PBXGroup;
			children = (
				9610FE1B1B136A7700D6CA61 /* Info.plist */,
			);
			name = "Supporting Files";
			sourceTree = "<group>";
		};
		9610FE2F1B136A7700D6CA61 /* TinderMechanicTests */ = {
			isa = PBXGroup;
			children = (
				9610FE321B136A7700D6CA61 /* TinderMechanicTests.swift */,
				9610FE301B136A7700D6CA61 /* Supporting Files */,
			);
			path = TinderMechanicTests;
			sourceTree = "<group>";
		};
		9610FE301B136A7700D6CA61 /* Supporting Files */ = {
			isa = PBXGroup;
			children = (
				9610FE311B136A7700D6CA61 /* Info.plist */,
			);
			name = "Supporting Files";
			sourceTree = "<group>";
		};
		D6BB004FE76F60869C8BA643 /* Frameworks */ = {
			isa = PBXGroup;
			children = (
				B2766B51D3D7CAC755BC8888 /* libPods-TinderMechanic.a */,
			);
			name = Frameworks;
			sourceTree = "<group>";
		};
/* End PBXGroup section */

/* Begin PBXNativeTarget section */
		9610FE161B136A7700D6CA61 /* TinderMechanic */ = {
			isa = PBXNativeTarget;
			buildConfigurationList = 9610FE361B136A7700D6CA61 /* Build configuration list for PBXNativeTarget "TinderMechanic" */;
			buildPhases = (
				16A9C94FED630699A8B8161E /* Check Pods Manifest.lock */,
				9610FE131B136A7700D6CA61 /* Sources */,
				9610FE141B136A7700D6CA61 /* Frameworks */,
				9610FE151B136A7700D6CA61 /* Resources */,
				F1CFDC33AEE1075673049C2D /* Copy Pods Resources */,
			);
			buildRules = (
			);
			dependencies = (
			);
			name = TinderMechanic;
			productName = TinderMechanic;
			productReference = 9610FE171B136A7700D6CA61 /* TinderMechanic.app */;
			productType = "com.apple.product-type.application";
		};
		9610FE2B1B136A7700D6CA61 /* TinderMechanicTests */ = {
			isa = PBXNativeTarget;
			buildConfigurationList = 9610FE391B136A7700D6CA61 /* Build configuration list for PBXNativeTarget "TinderMechanicTests" */;
			buildPhases = (
				9610FE281B136A7700D6CA61 /* Sources */,
				9610FE291B136A7700D6CA61 /* Frameworks */,
				9610FE2A1B136A7700D6CA61 /* Resources */,
			);
			buildRules = (
			);
			dependencies = (
				9610FE2E1B136A7700D6CA61 /* PBXTargetDependency */,
			);
			name = TinderMechanicTests;
			productName = TinderMechanicTests;
			productReference = 9610FE2C1B136A7700D6CA61 /* TinderMechanicTests.xctest */;
			productType = "com.apple.product-type.bundle.unit-test";
		};
/* End PBXNativeTarget section */

/* Begin PBXProject section */
		9610FE0F1B136A7700D6CA61 /* Project object */ = {
			isa = PBXProject;
			attributes = {
				LastUpgradeCheck = 0630;
				ORGANIZATIONNAME = "Bianca Binstock";
				TargetAttributes = {
					9610FE161B136A7700D6CA61 = {
						CreatedOnToolsVersion = 6.3.1;
						DevelopmentTeam = 3X9EL958AK;
					};
					9610FE2B1B136A7700D6CA61 = {
						CreatedOnToolsVersion = 6.3.1;
						TestTargetID = 9610FE161B136A7700D6CA61;
					};
				};
			};
			buildConfigurationList = 9610FE121B136A7700D6CA61 /* Build configuration list for PBXProject "TinderMechanic" */;
			compatibilityVersion = "Xcode 3.2";
			developmentRegion = English;
			hasScannedForEncodings = 0;
			knownRegions = (
				en,
				Base,
			);
			mainGroup = 9610FE0E1B136A7700D6CA61;
			productRefGroup = 9610FE181B136A7700D6CA61 /* Products */;
			projectDirPath = "";
			projectRoot = "";
			targets = (
				9610FE161B136A7700D6CA61 /* TinderMechanic */,
				9610FE2B1B136A7700D6CA61 /* TinderMechanicTests */,
			);
		};
/* End PBXProject section */

/* Begin PBXResourcesBuildPhase section */
		9610FE151B136A7700D6CA61 /* Resources */ = {
			isa = PBXResourcesBuildPhase;
			buildActionMask = 2147483647;
			files = (
				9610FE221B136A7700D6CA61 /* Main.storyboard in Resources */,
				9610FE271B136A7700D6CA61 /* LaunchScreen.xib in Resources */,
				9610FE241B136A7700D6CA61 /* Images.xcassets in Resources */,
			);
			runOnlyForDeploymentPostprocessing = 0;
		};
		9610FE2A1B136A7700D6CA61 /* Resources */ = {
			isa = PBXResourcesBuildPhase;
			buildActionMask = 2147483647;
			files = (
			);
			runOnlyForDeploymentPostprocessing = 0;
		};
/* End PBXResourcesBuildPhase section */

/* Begin PBXShellScriptBuildPhase section */
		16A9C94FED630699A8B8161E /* Check Pods Manifest.lock */ = {
			isa = PBXShellScriptBuildPhase;
			buildActionMask = 2147483647;
			files = (
			);
			inputPaths = (
			);
			name = "Check Pods Manifest.lock";
			outputPaths = (
			);
			runOnlyForDeploymentPostprocessing = 0;
			shellPath = /bin/sh;
			shellScript = "diff \"${PODS_ROOT}/../Podfile.lock\" \"${PODS_ROOT}/Manifest.lock\" > /dev/null\nif [[ $? != 0 ]] ; then\n    cat << EOM\nerror: The sandbox is not in sync with the Podfile.lock. Run 'pod install' or update your CocoaPods installation.\nEOM\n    exit 1\nfi\n";
			showEnvVarsInLog = 0;
		};
		F1CFDC33AEE1075673049C2D /* Copy Pods Resources */ = {
			isa = PBXShellScriptBuildPhase;
			buildActionMask = 2147483647;
			files = (
			);
			inputPaths = (
			);
			name = "Copy Pods Resources";
			outputPaths = (
			);
			runOnlyForDeploymentPostprocessing = 0;
			shellPath = /bin/sh;
			shellScript = "\"${SRCROOT}/Pods/Target Support Files/Pods-TinderMechanic/Pods-TinderMechanic-resources.sh\"\n";
			showEnvVarsInLog = 0;
		};
/* End PBXShellScriptBuildPhase section */

/* Begin PBXSourcesBuildPhase section */
		9610FE131B136A7700D6CA61 /* Sources */ = {
			isa = PBXSourcesBuildPhase;
			buildActionMask = 2147483647;
			files = (
				9610FE1F1B136A7700D6CA61 /* ViewController.swift in Sources */,
				9610FE1D1B136A7700D6CA61 /* AppDelegate.swift in Sources */,
			);
			runOnlyForDeploymentPostprocessing = 0;
		};
		9610FE281B136A7700D6CA61 /* Sources */ = {
			isa = PBXSourcesBuildPhase;
			buildActionMask = 2147483647;
			files = (
				9610FE331B136A7700D6CA61 /* TinderMechanicTests.swift in Sources */,
			);
			runOnlyForDeploymentPostprocessing = 0;
		};
/* End PBXSourcesBuildPhase section */

/* Begin PBXTargetDependency section */
		9610FE2E1B136A7700D6CA61 /* PBXTargetDependency */ = {
			isa = PBXTargetDependency;
			target = 9610FE161B136A7700D6CA61 /* TinderMechanic */;
			targetProxy = 9610FE2D1B136A7700D6CA61 /* PBXContainerItemProxy */;
		};
/* End PBXTargetDependency section */

/* Begin PBXVariantGroup section */
		9610FE201B136A7700D6CA61 /* Main.storyboard */ = {
			isa = PBXVariantGroup;
			children = (
				9610FE211B136A7700D6CA61 /* Base */,
			);
			name = Main.storyboard;
			sourceTree = "<group>";
		};
		9610FE251B136A7700D6CA61 /* LaunchScreen.xib */ = {
			isa = PBXVariantGroup;
			children = (
				9610FE261B136A7700D6CA61 /* Base */,
			);
			name = LaunchScreen.xib;
			sourceTree = "<group>";
		};
/* End PBXVariantGroup section */

/* Begin XCBuildConfiguration section */
		9610FE341B136A7700D6CA61 /* Debug */ = {
			isa = XCBuildConfiguration;
			buildSettings = {
				ALWAYS_SEARCH_USER_PATHS = NO;
				CLANG_CXX_LANGUAGE_STANDARD = "gnu++0x";
				CLANG_CXX_LIBRARY = "libc++";
				CLANG_ENABLE_MODULES = YES;
				CLANG_ENABLE_OBJC_ARC = YES;
				CLANG_WARN_BOOL_CONVERSION = YES;
				CLANG_WARN_CONSTANT_CONVERSION = YES;
				CLANG_WARN_DIRECT_OBJC_ISA_USAGE = YES_ERROR;
				CLANG_WARN_EMPTY_BODY = YES;
				CLANG_WARN_ENUM_CONVERSION = YES;
				CLANG_WARN_INT_CONVERSION = YES;
				CLANG_WARN_OBJC_ROOT_CLASS = YES_ERROR;
				CLANG_WARN_UNREACHABLE_CODE = YES;
				CLANG_WARN__DUPLICATE_METHOD_MATCH = YES;
				"CODE_SIGN_IDENTITY[sdk=iphoneos*]" = "iPhone Developer";
				COPY_PHASE_STRIP = NO;
				DEBUG_INFORMATION_FORMAT = "dwarf-with-dsym";
				ENABLE_STRICT_OBJC_MSGSEND = YES;
				GCC_C_LANGUAGE_STANDARD = gnu99;
				GCC_DYNAMIC_NO_PIC = NO;
				GCC_NO_COMMON_BLOCKS = YES;
				GCC_OPTIMIZATION_LEVEL = 0;
				GCC_PREPROCESSOR_DEFINITIONS = (
					"DEBUG=1",
					"$(inherited)",
				);
				GCC_SYMBOLS_PRIVATE_EXTERN = NO;
				GCC_WARN_64_TO_32_BIT_CONVERSION = YES;
				GCC_WARN_ABOUT_RETURN_TYPE = YES_ERROR;
				GCC_WARN_UNDECLARED_SELECTOR = YES;
				GCC_WARN_UNINITIALIZED_AUTOS = YES_AGGRESSIVE;
				GCC_WARN_UNUSED_FUNCTION = YES;
				GCC_WARN_UNUSED_VARIABLE = YES;
				IPHONEOS_DEPLOYMENT_TARGET = 8.3;
				MTL_ENABLE_DEBUG_INFO = YES;
				ONLY_ACTIVE_ARCH = YES;
				SDKROOT = iphoneos;
				SWIFT_OPTIMIZATION_LEVEL = "-Onone";
			};
			name = Debug;
		};
		9610FE351B136A7700D6CA61 /* Release */ = {
			isa = XCBuildConfiguration;
			buildSettings = {
				ALWAYS_SEARCH_USER_PATHS = NO;
				CLANG_CXX_LANGUAGE_STANDARD = "gnu++0x";
				CLANG_CXX_LIBRARY = "libc++";
				CLANG_ENABLE_MODULES = YES;
				CLANG_ENABLE_OBJC_ARC = YES;
				CLANG_WARN_BOOL_CONVERSION = YES;
				CLANG_WARN_CONSTANT_CONVERSION = YES;
				CLANG_WARN_DIRECT_OBJC_ISA_USAGE = YES_ERROR;
				CLANG_WARN_EMPTY_BODY = YES;
				CLANG_WARN_ENUM_CONVERSION = YES;
				CLANG_WARN_INT_CONVERSION = YES;
				CLANG_WARN_OBJC_ROOT_CLASS = YES_ERROR;
				CLANG_WARN_UNREACHABLE_CODE = YES;
				CLANG_WARN__DUPLICATE_METHOD_MATCH = YES;
				"CODE_SIGN_IDENTITY[sdk=iphoneos*]" = "iPhone Developer";
				COPY_PHASE_STRIP = NO;
				DEBUG_INFORMATION_FORMAT = "dwarf-with-dsym";
				ENABLE_NS_ASSERTIONS = NO;
				ENABLE_STRICT_OBJC_MSGSEND = YES;
				GCC_C_LANGUAGE_STANDARD = gnu99;
				GCC_NO_COMMON_BLOCKS = YES;
				GCC_WARN_64_TO_32_BIT_CONVERSION = YES;
				GCC_WARN_ABOUT_RETURN_TYPE = YES_ERROR;
				GCC_WARN_UNDECLARED_SELECTOR = YES;
				GCC_WARN_UNINITIALIZED_AUTOS = YES_AGGRESSIVE;
				GCC_WARN_UNUSED_FUNCTION = YES;
				GCC_WARN_UNUSED_VARIABLE = YES;
				IPHONEOS_DEPLOYMENT_TARGET = 8.3;
				MTL_ENABLE_DEBUG_INFO = NO;
				SDKROOT = iphoneos;
				VALIDATE_PRODUCT = YES;
			};
			name = Release;
		};
		9610FE371B136A7700D6CA61 /* Debug */ = {
			isa = XCBuildConfiguration;
			baseConfigurationReference = EAB6DFDDB990F56167C09D7A /* Pods-TinderMechanic.debug.xcconfig */;
			buildSettings = {
				ASSETCATALOG_COMPILER_APPICON_NAME = AppIcon;
				CODE_SIGN_IDENTITY = "iPhone Developer";
				INFOPLIST_FILE = TinderMechanic/Info.plist;
				LD_RUNPATH_SEARCH_PATHS = "$(inherited) @executable_path/Frameworks";
				PRODUCT_NAME = "$(TARGET_NAME)";
				SWIFT_OBJC_BRIDGING_HEADER = "TinderMechanic/Bridging-Header.h";
			};
			name = Debug;
		};
		9610FE381B136A7700D6CA61 /* Release */ = {
			isa = XCBuildConfiguration;
			baseConfigurationReference = CBC49F8561A052CB8C8B00EA /* Pods-TinderMechanic.release.xcconfig */;
			buildSettings = {
				ASSETCATALOG_COMPILER_APPICON_NAME = AppIcon;
				CODE_SIGN_IDENTITY = "iPhone Developer";
				INFOPLIST_FILE = TinderMechanic/Info.plist;
				LD_RUNPATH_SEARCH_PATHS = "$(inherited) @executable_path/Frameworks";
				PRODUCT_NAME = "$(TARGET_NAME)";
				SWIFT_OBJC_BRIDGING_HEADER = "TinderMechanic/Bridging-Header.h";
			};
			name = Release;
		};
		9610FE3A1B136A7700D6CA61 /* Debug */ = {
			isa = XCBuildConfiguration;
			buildSettings = {
				BUNDLE_LOADER = "$(TEST_HOST)";
				FRAMEWORK_SEARCH_PATHS = (
					"$(SDKROOT)/Developer/Library/Frameworks",
					"$(inherited)",
				);
				GCC_PREPROCESSOR_DEFINITIONS = (
					"DEBUG=1",
					"$(inherited)",
				);
				INFOPLIST_FILE = TinderMechanicTests/Info.plist;
				LD_RUNPATH_SEARCH_PATHS = "$(inherited) @executable_path/Frameworks @loader_path/Frameworks";
				PRODUCT_NAME = "$(TARGET_NAME)";
				TEST_HOST = "$(BUILT_PRODUCTS_DIR)/TinderMechanic.app/TinderMechanic";
			};
			name = Debug;
		};
		9610FE3B1B136A7700D6CA61 /* Release */ = {
			isa = XCBuildConfiguration;
			buildSettings = {
				BUNDLE_LOADER = "$(TEST_HOST)";
				FRAMEWORK_SEARCH_PATHS = (
					"$(SDKROOT)/Developer/Library/Frameworks",
					"$(inherited)",
				);
				INFOPLIST_FILE = TinderMechanicTests/Info.plist;
				LD_RUNPATH_SEARCH_PATHS = "$(inherited) @executable_path/Frameworks @loader_path/Frameworks";
				PRODUCT_NAME = "$(TARGET_NAME)";
				TEST_HOST = "$(BUILT_PRODUCTS_DIR)/TinderMechanic.app/TinderMechanic";
			};
			name = Release;
		};
/* End XCBuildConfiguration section */

/* Begin XCConfigurationList section */
		9610FE121B136A7700D6CA61 /* Build configuration list for PBXProject "TinderMechanic" */ = {
			isa = XCConfigurationList;
			buildConfigurations = (
				9610FE341B136A7700D6CA61 /* Debug */,
				9610FE351B136A7700D6CA61 /* Release */,
			);
			defaultConfigurationIsVisible = 0;
			defaultConfigurationName = Release;
		};
		9610FE361B136A7700D6CA61 /* Build configuration list for PBXNativeTarget "TinderMechanic" */ = {
			isa = XCConfigurationList;
			buildConfigurations = (
				9610FE371B136A7700D6CA61 /* Debug */,
				9610FE381B136A7700D6CA61 /* Release */,
			);
			defaultConfigurationIsVisible = 0;
			defaultConfigurationName = Release;
		};
		9610FE391B136A7700D6CA61 /* Build configuration list for PBXNativeTarget "TinderMechanicTests" */ = {
			isa = XCConfigurationList;
			buildConfigurations = (
				9610FE3A1B136A7700D6CA61 /* Debug */,
				9610FE3B1B136A7700D6CA61 /* Release */,
			);
			defaultConfigurationIsVisible = 0;
			defaultConfigurationName = Release;
		};
/* End XCConfigurationList section */
	};
	rootObject = 9610FE0F1B136A7700D6CA61 /* Project object */;
}
